
Microsoft Visual Studio Solution File, Format Version 11.00
# Visual C++ Express 2010
Project("{8BC9CEB8-8B4A-11D0-8D11-00A0C91BC942}") = "Calendar Operations", "Calendar Operations\Calendar Operations.vcxproj", "{88DEB595-1A9F-4372-9FEC-A97CDE3425EC}"
EndProject
Global
	GlobalSection(SolutionConfigurationPlatforms) = preSolution
		Debug|Win32 = Debug|Win32
		Release|Win32 = Release|Win32
	EndGlobalSection
	GlobalSection(ProjectConfigurationPlatforms) = postSolution
		{88DEB595-1A9F-4372-9FEC-A97CDE3425EC}.Debug|Win32.ActiveCfg = Debug|Win32
		{88DEB595-1A9F-4372-9FEC-A97CDE3425EC}.Debug|Win32.Build.0 = Debug|Win32
		{88DEB595-1A9F-4372-9FEC-A97CDE3425EC}.Release|Win32.ActiveCfg = Release|Win32
		{88DEB595-1A9F-4372-9FEC-A97CDE3425EC}.Release|Win32.Build.0 = Release|Win32
	EndGlobalSection
	GlobalSection(SolutionProperties) = preSolution
		HideSolutionNode = FALSE
	EndGlobalSection
EndGlobal
