
Microsoft Visual Studio Solution File, Format Version 11.00
# Visual C++ Express 2010
Project("{8BC9CEB8-8B4A-11D0-8D11-00A0C91BC942}") = "10 Solution", "10 Solution\10 Solution.vcxproj", "{DEE73861-D095-41E4-A0F0-D5744069352E}"
EndProject
Global
	GlobalSection(SolutionConfigurationPlatforms) = preSolution
		Debug|Win32 = Debug|Win32
		Release|Win32 = Release|Win32
	EndGlobalSection
	GlobalSection(ProjectConfigurationPlatforms) = postSolution
		{DEE73861-D095-41E4-A0F0-D5744069352E}.Debug|Win32.ActiveCfg = Debug|Win32
		{DEE73861-D095-41E4-A0F0-D5744069352E}.Debug|Win32.Build.0 = Debug|Win32
		{DEE73861-D095-41E4-A0F0-D5744069352E}.Release|Win32.ActiveCfg = Release|Win32
		{DEE73861-D095-41E4-A0F0-D5744069352E}.Release|Win32.Build.0 = Release|Win32
	EndGlobalSection
	GlobalSection(SolutionProperties) = preSolution
		HideSolutionNode = FALSE
	EndGlobalSection
EndGlobal
