
Microsoft Visual Studio Solution File, Format Version 11.00
# Visual C# Express 2010
Project("{FAE04EC0-301F-11D3-BF4B-00C04F79EFBC}") = "Swap", "Swap\Swap\Swap.csproj", "{477D80E4-C501-4A12-9AD6-FD9589E76651}"
EndProject
Project("{96E2B04D-8817-42C6-938A-82C39BA4D311}") = "SwapContent", "Swap\SwapContent\SwapContent.contentproj", "{08E0D26B-39CE-4EE9-9619-9B532106454E}"
EndProject
Global
	GlobalSection(SolutionConfigurationPlatforms) = preSolution
		Debug|x86 = Debug|x86
		Release|x86 = Release|x86
	EndGlobalSection
	GlobalSection(ProjectConfigurationPlatforms) = postSolution
		{477D80E4-C501-4A12-9AD6-FD9589E76651}.Debug|x86.ActiveCfg = Debug|x86
		{477D80E4-C501-4A12-9AD6-FD9589E76651}.Debug|x86.Build.0 = Debug|x86
		{477D80E4-C501-4A12-9AD6-FD9589E76651}.Release|x86.ActiveCfg = Release|x86
		{477D80E4-C501-4A12-9AD6-FD9589E76651}.Release|x86.Build.0 = Release|x86
		{08E0D26B-39CE-4EE9-9619-9B532106454E}.Debug|x86.ActiveCfg = Debug|x86
		{08E0D26B-39CE-4EE9-9619-9B532106454E}.Release|x86.ActiveCfg = Release|x86
	EndGlobalSection
	GlobalSection(SolutionProperties) = preSolution
		HideSolutionNode = FALSE
	EndGlobalSection
EndGlobal
