
Microsoft Visual Studio Solution File, Format Version 11.00
# Visual C++ Express 2010
Project("{8BC9CEB8-8B4A-11D0-8D11-00A0C91BC942}") = "nathaniel", "nathaniel\nathaniel.vcxproj", "{FB08F839-5169-417B-AF30-3616501ACD20}"
EndProject
Global
	GlobalSection(SolutionConfigurationPlatforms) = preSolution
		Debug|Win32 = Debug|Win32
		Release|Win32 = Release|Win32
	EndGlobalSection
	GlobalSection(ProjectConfigurationPlatforms) = postSolution
		{FB08F839-5169-417B-AF30-3616501ACD20}.Debug|Win32.ActiveCfg = Debug|Win32
		{FB08F839-5169-417B-AF30-3616501ACD20}.Debug|Win32.Build.0 = Debug|Win32
		{FB08F839-5169-417B-AF30-3616501ACD20}.Release|Win32.ActiveCfg = Release|Win32
		{FB08F839-5169-417B-AF30-3616501ACD20}.Release|Win32.Build.0 = Release|Win32
	EndGlobalSection
	GlobalSection(SolutionProperties) = preSolution
		HideSolutionNode = FALSE
	EndGlobalSection
EndGlobal
