
Microsoft Visual Studio Solution File, Format Version 11.00
# Visual C++ Express 2010
Project("{8BC9CEB8-8B4A-11D0-8D11-00A0C91BC942}") = "UtahTaxes", "UtahTaxes\UtahTaxes.vcxproj", "{036E8D38-2091-4900-BD94-032EF3FD7B43}"
EndProject
Global
	GlobalSection(SolutionConfigurationPlatforms) = preSolution
		Debug|Win32 = Debug|Win32
		Release|Win32 = Release|Win32
	EndGlobalSection
	GlobalSection(ProjectConfigurationPlatforms) = postSolution
		{036E8D38-2091-4900-BD94-032EF3FD7B43}.Debug|Win32.ActiveCfg = Debug|Win32
		{036E8D38-2091-4900-BD94-032EF3FD7B43}.Debug|Win32.Build.0 = Debug|Win32
		{036E8D38-2091-4900-BD94-032EF3FD7B43}.Release|Win32.ActiveCfg = Release|Win32
		{036E8D38-2091-4900-BD94-032EF3FD7B43}.Release|Win32.Build.0 = Release|Win32
	EndGlobalSection
	GlobalSection(SolutionProperties) = preSolution
		HideSolutionNode = FALSE
	EndGlobalSection
EndGlobal
