
Microsoft Visual Studio Solution File, Format Version 11.00
# Visual C# Express 2010
Project("{FAE04EC0-301F-11D3-BF4B-00C04F79EFBC}") = "Morph2", "Morph2\Morph2\Morph2.csproj", "{BA9B73D5-9A92-463F-A5C5-F4B052EA9C34}"
EndProject
Project("{96E2B04D-8817-42C6-938A-82C39BA4D311}") = "Morph2Content", "Morph2\Morph2Content\Morph2Content.contentproj", "{140338D9-989D-49CE-BA44-090A25438E20}"
EndProject
Global
	GlobalSection(SolutionConfigurationPlatforms) = preSolution
		Debug|x86 = Debug|x86
		Release|x86 = Release|x86
	EndGlobalSection
	GlobalSection(ProjectConfigurationPlatforms) = postSolution
		{BA9B73D5-9A92-463F-A5C5-F4B052EA9C34}.Debug|x86.ActiveCfg = Debug|x86
		{BA9B73D5-9A92-463F-A5C5-F4B052EA9C34}.Debug|x86.Build.0 = Debug|x86
		{BA9B73D5-9A92-463F-A5C5-F4B052EA9C34}.Release|x86.ActiveCfg = Release|x86
		{BA9B73D5-9A92-463F-A5C5-F4B052EA9C34}.Release|x86.Build.0 = Release|x86
		{140338D9-989D-49CE-BA44-090A25438E20}.Debug|x86.ActiveCfg = Debug|x86
		{140338D9-989D-49CE-BA44-090A25438E20}.Release|x86.ActiveCfg = Release|x86
	EndGlobalSection
	GlobalSection(SolutionProperties) = preSolution
		HideSolutionNode = FALSE
	EndGlobalSection
EndGlobal
