
Microsoft Visual Studio Solution File, Format Version 11.00
# Visual C# Express 2010
Project("{FAE04EC0-301F-11D3-BF4B-00C04F79EFBC}") = "LehiHigh", "LehiHigh\LehiHigh\LehiHigh.csproj", "{84563F8E-0238-4DDF-A62E-C07BA97D80B0}"
EndProject
Project("{96E2B04D-8817-42C6-938A-82C39BA4D311}") = "LehiHighContent", "LehiHigh\LehiHighContent\LehiHighContent.contentproj", "{DA86A2F7-0344-46D4-AC35-0DD9E7E1A078}"
EndProject
Global
	GlobalSection(SolutionConfigurationPlatforms) = preSolution
		Debug|x86 = Debug|x86
		Release|x86 = Release|x86
	EndGlobalSection
	GlobalSection(ProjectConfigurationPlatforms) = postSolution
		{84563F8E-0238-4DDF-A62E-C07BA97D80B0}.Debug|x86.ActiveCfg = Debug|x86
		{84563F8E-0238-4DDF-A62E-C07BA97D80B0}.Debug|x86.Build.0 = Debug|x86
		{84563F8E-0238-4DDF-A62E-C07BA97D80B0}.Release|x86.ActiveCfg = Release|x86
		{84563F8E-0238-4DDF-A62E-C07BA97D80B0}.Release|x86.Build.0 = Release|x86
		{DA86A2F7-0344-46D4-AC35-0DD9E7E1A078}.Debug|x86.ActiveCfg = Debug|x86
		{DA86A2F7-0344-46D4-AC35-0DD9E7E1A078}.Release|x86.ActiveCfg = Release|x86
	EndGlobalSection
	GlobalSection(SolutionProperties) = preSolution
		HideSolutionNode = FALSE
	EndGlobalSection
EndGlobal
