
Microsoft Visual Studio Solution File, Format Version 11.00
# Visual C++ Express 2010
Project("{8BC9CEB8-8B4A-11D0-8D11-00A0C91BC942}") = "t", "t\t.vcxproj", "{A20E3822-31A8-485F-BD0E-372FBFF8A6CF}"
EndProject
Global
	GlobalSection(SolutionConfigurationPlatforms) = preSolution
		Debug|Win32 = Debug|Win32
		Release|Win32 = Release|Win32
	EndGlobalSection
	GlobalSection(ProjectConfigurationPlatforms) = postSolution
		{A20E3822-31A8-485F-BD0E-372FBFF8A6CF}.Debug|Win32.ActiveCfg = Debug|Win32
		{A20E3822-31A8-485F-BD0E-372FBFF8A6CF}.Debug|Win32.Build.0 = Debug|Win32
		{A20E3822-31A8-485F-BD0E-372FBFF8A6CF}.Release|Win32.ActiveCfg = Release|Win32
		{A20E3822-31A8-485F-BD0E-372FBFF8A6CF}.Release|Win32.Build.0 = Release|Win32
	EndGlobalSection
	GlobalSection(SolutionProperties) = preSolution
		HideSolutionNode = FALSE
	EndGlobalSection
EndGlobal
